// !$*UTF8*$!
{
	archiveVersion = 1;
	classes = {
	};
	objectVersion = 48;
	objects = {

/* Begin PBXBuildFile section */
		0A1D5A8C257CE77500431906 /* User.swift in Sources */ = {isa = PBXBuildFile; fileRef = 0A1D5A8B257CE77500431906 /* User.swift */; };
		0A1DDA7B257D248D00CBF6AC /* UserDetailsController.swift in Sources */ = {isa = PBXBuildFile; fileRef = 0A1DDA7A257D248D00CBF6AC /* UserDetailsController.swift */; };
		0A9AE837257CB0A600C79C0E /* AppDelegate.swift in Sources */ = {isa = PBXBuildFile; fileRef = 0A9AE836257CB0A600C79C0E /* AppDelegate.swift */; };
		0A9AE839257CB0A600C79C0E /* UserListController.swift in Sources */ = {isa = PBXBuildFile; fileRef = 0A9AE838257CB0A600C79C0E /* UserListController.swift */; };
		0A9AE83C257CB0A600C79C0E /* Main.storyboard in Resources */ = {isa = PBXBuildFile; fileRef = 0A9AE83A257CB0A600C79C0E /* Main.storyboard */; };
		0A9AE83E257CB0A600C79C0E /* Assets.xcassets in Resources */ = {isa = PBXBuildFile; fileRef = 0A9AE83D257CB0A600C79C0E /* Assets.xcassets */; };
		0A9AE841257CB0A600C79C0E /* LaunchScreen.storyboard in Resources */ = {isa = PBXBuildFile; fileRef = 0A9AE83F257CB0A600C79C0E /* LaunchScreen.storyboard */; };
		0AADDBFC257CE01800387F30 /* HttpsRequest.swift in Sources */ = {isa = PBXBuildFile; fileRef = 0AADDBFB257CE01800387F30 /* HttpsRequest.swift */; };
		0ABE6B4A257E2D17007B6D53 /* UserNamesCell.swift in Sources */ = {isa = PBXBuildFile; fileRef = 0ABE6B48257E2D17007B6D53 /* UserNamesCell.swift */; };
		0ABE6B4B257E2D17007B6D53 /* UserNamesCell.xib in Resources */ = {isa = PBXBuildFile; fileRef = 0ABE6B49257E2D17007B6D53 /* UserNamesCell.xib */; };
		0AE94848257E44110065CCD9 /* UserDetailsController.swift in Sources */ = {isa = PBXBuildFile; fileRef = 0A1DDA7A257D248D00CBF6AC /* UserDetailsController.swift */; };
		0AE94849257E44110065CCD9 /* User.swift in Sources */ = {isa = PBXBuildFile; fileRef = 0A1D5A8B257CE77500431906 /* User.swift */; };
		0AE9484A257E44110065CCD9 /* UserNamesCell.swift in Sources */ = {isa = PBXBuildFile; fileRef = 0ABE6B48257E2D17007B6D53 /* UserNamesCell.swift */; };
		0AE9484B257E44110065CCD9 /* HttpsRequest.swift in Sources */ = {isa = PBXBuildFile; fileRef = 0AADDBFB257CE01800387F30 /* HttpsRequest.swift */; };
		0AE9484C257E44110065CCD9 /* UserListController.swift in Sources */ = {isa = PBXBuildFile; fileRef = 0A9AE838257CB0A600C79C0E /* UserListController.swift */; };
		0AE9484D257E44110065CCD9 /* AppDelegate.swift in Sources */ = {isa = PBXBuildFile; fileRef = 0A9AE836257CB0A600C79C0E /* AppDelegate.swift */; };
		0AE94850257E44110065CCD9 /* LaunchScreen.storyboard in Resources */ = {isa = PBXBuildFile; fileRef = 0A9AE83F257CB0A600C79C0E /* LaunchScreen.storyboard */; };
		0AE94851257E44110065CCD9 /* UserNamesCell.xib in Resources */ = {isa = PBXBuildFile; fileRef = 0ABE6B49257E2D17007B6D53 /* UserNamesCell.xib */; };
		0AE94852257E44110065CCD9 /* Assets.xcassets in Resources */ = {isa = PBXBuildFile; fileRef = 0A9AE83D257CB0A600C79C0E /* Assets.xcassets */; };
		0AE94853257E44110065CCD9 /* Main.storyboard in Resources */ = {isa = PBXBuildFile; fileRef = 0A9AE83A257CB0A600C79C0E /* Main.storyboard */; };
/* End PBXBuildFile section */

/* Begin PBXFileReference section */
		0A1D5A8B257CE77500431906 /* User.swift */ = {isa = PBXFileReference; lastKnownFileType = sourcecode.swift; path = User.swift; sourceTree = "<group>"; };
		0A1DDA7A257D248D00CBF6AC /* UserDetailsController.swift */ = {isa = PBXFileReference; lastKnownFileType = sourcecode.swift; path = UserDetailsController.swift; sourceTree = "<group>"; };
		0A9AE833257CB0A600C79C0E /* YourDigitalLift.app */ = {isa = PBXFileReference; explicitFileType = wrapper.application; includeInIndex = 0; path = YourDigitalLift.app; sourceTree = BUILT_PRODUCTS_DIR; };
		0A9AE836257CB0A600C79C0E /* AppDelegate.swift */ = {isa = PBXFileReference; lastKnownFileType = sourcecode.swift; path = AppDelegate.swift; sourceTree = "<group>"; };
		0A9AE838257CB0A600C79C0E /* UserListController.swift */ = {isa = PBXFileReference; lastKnownFileType = sourcecode.swift; path = UserListController.swift; sourceTree = "<group>"; };
		0A9AE83B257CB0A600C79C0E /* Base */ = {isa = PBXFileReference; lastKnownFileType = file.storyboard; name = Base; path = Base.lproj/Main.storyboard; sourceTree = "<group>"; };
		0A9AE83D257CB0A600C79C0E /* Assets.xcassets */ = {isa = PBXFileReference; lastKnownFileType = folder.assetcatalog; path = Assets.xcassets; sourceTree = "<group>"; };
		0A9AE840257CB0A600C79C0E /* Base */ = {isa = PBXFileReference; lastKnownFileType = file.storyboard; name = Base; path = Base.lproj/LaunchScreen.storyboard; sourceTree = "<group>"; };
		0A9AE842257CB0A600C79C0E /* Info.plist */ = {isa = PBXFileReference; lastKnownFileType = text.plist.xml; path = Info.plist; sourceTree = "<group>"; };
		0AADDBFB257CE01800387F30 /* HttpsRequest.swift */ = {isa = PBXFileReference; lastKnownFileType = sourcecode.swift; path = HttpsRequest.swift; sourceTree = "<group>"; };
		0ABE6B48257E2D17007B6D53 /* UserNamesCell.swift */ = {isa = PBXFileReference; lastKnownFileType = sourcecode.swift; path = UserNamesCell.swift; sourceTree = "<group>"; };
		0ABE6B49257E2D17007B6D53 /* UserNamesCell.xib */ = {isa = PBXFileReference; lastKnownFileType = file.xib; path = UserNamesCell.xib; sourceTree = "<group>"; };
		0AE94857257E44110065CCD9 /* YourDigitalLiftDemo.app */ = {isa = PBXFileReference; explicitFileType = wrapper.application; includeInIndex = 0; path = YourDigitalLiftDemo.app; sourceTree = BUILT_PRODUCTS_DIR; };
		0AE94858257E44110065CCD9 /* YourDigitalLift copy2-Info.plist */ = {isa = PBXFileReference; lastKnownFileType = text.plist.xml; name = "YourDigitalLift copy2-Info.plist"; path = "/Users/mac2/Desktop/YDLTask 2/YourDigitalLift/YourDigitalLift copy2-Info.plist"; sourceTree = "<absolute>"; };
/* End PBXFileReference section */

/* Begin PBXFrameworksBuildPhase section */
		0A9AE830257CB0A600C79C0E /* Frameworks */ = {
			isa = PBXFrameworksBuildPhase;
			buildActionMask = 2147483647;
			files = (
			);
			runOnlyForDeploymentPostprocessing = 0;
		};
		0AE9484E257E44110065CCD9 /* Frameworks */ = {
			isa = PBXFrameworksBuildPhase;
			buildActionMask = 2147483647;
			files = (
			);
			runOnlyForDeploymentPostprocessing = 0;
		};
/* End PBXFrameworksBuildPhase section */

/* Begin PBXGroup section */
		0A9AE82A257CB0A600C79C0E = {
			isa = PBXGroup;
			children = (
				0A9AE835257CB0A600C79C0E /* YourDigitalLift */,
				0A9AE834257CB0A600C79C0E /* Products */,
				0AE94858257E44110065CCD9 /* YourDigitalLift copy2-Info.plist */,
			);
			sourceTree = "<group>";
		};
		0A9AE834257CB0A600C79C0E /* Products */ = {
			isa = PBXGroup;
			children = (
				0A9AE833257CB0A600C79C0E /* YourDigitalLift.app */,
				0AE94857257E44110065CCD9 /* YourDigitalLiftDemo.app */,
			);
			name = Products;
			sourceTree = "<group>";
		};
		0A9AE835257CB0A600C79C0E /* YourDigitalLift */ = {
			isa = PBXGroup;
			children = (
				0A9AE836257CB0A600C79C0E /* AppDelegate.swift */,
				0ABE6B48257E2D17007B6D53 /* UserNamesCell.swift */,
				0ABE6B49257E2D17007B6D53 /* UserNamesCell.xib */,
				0A9AE838257CB0A600C79C0E /* UserListController.swift */,
				0A1DDA7A257D248D00CBF6AC /* UserDetailsController.swift */,
				0AADDBFB257CE01800387F30 /* HttpsRequest.swift */,
				0A1D5A8B257CE77500431906 /* User.swift */,
				0A9AE83A257CB0A600C79C0E /* Main.storyboard */,
				0A9AE83D257CB0A600C79C0E /* Assets.xcassets */,
				0A9AE83F257CB0A600C79C0E /* LaunchScreen.storyboard */,
				0A9AE842257CB0A600C79C0E /* Info.plist */,
			);
			path = YourDigitalLift;
			sourceTree = "<group>";
		};
/* End PBXGroup section */

/* Begin PBXNativeTarget section */
		0A9AE832257CB0A600C79C0E /* YourDigitalLift */ = {
			isa = PBXNativeTarget;
			buildConfigurationList = 0A9AE845257CB0A600C79C0E /* Build configuration list for PBXNativeTarget "YourDigitalLift" */;
			buildPhases = (
				0A9AE82F257CB0A600C79C0E /* Sources */,
				0A9AE830257CB0A600C79C0E /* Frameworks */,
				0A9AE831257CB0A600C79C0E /* Resources */,
			);
			buildRules = (
			);
			dependencies = (
			);
			name = YourDigitalLift;
			productName = YourDigitalLift;
			productReference = 0A9AE833257CB0A600C79C0E /* YourDigitalLift.app */;
			productType = "com.apple.product-type.application";
		};
		0AE94846257E44110065CCD9 /* YourDigitalLiftDemo */ = {
			isa = PBXNativeTarget;
			buildConfigurationList = 0AE94854257E44110065CCD9 /* Build configuration list for PBXNativeTarget "YourDigitalLiftDemo" */;
			buildPhases = (
				0AE94847257E44110065CCD9 /* Sources */,
				0AE9484E257E44110065CCD9 /* Frameworks */,
				0AE9484F257E44110065CCD9 /* Resources */,
			);
			buildRules = (
			);
			dependencies = (
			);
			name = YourDigitalLiftDemo;
			productName = YourDigitalLift;
			productReference = 0AE94857257E44110065CCD9 /* YourDigitalLiftDemo.app */;
			productType = "com.apple.product-type.application";
		};
/* End PBXNativeTarget section */

/* Begin PBXProject section */
		0A9AE82B257CB0A600C79C0E /* Project object */ = {
			isa = PBXProject;
			attributes = {
				LastSwiftUpdateCheck = 0920;
				LastUpgradeCheck = 0920;
				ORGANIZATIONNAME = Mac2;
				TargetAttributes = {
					0A9AE832257CB0A600C79C0E = {
						CreatedOnToolsVersion = 9.2;
						ProvisioningStyle = Automatic;
					};
					0AE94846257E44110065CCD9 = {
						ProvisioningStyle = Automatic;
					};
				};
			};
			buildConfigurationList = 0A9AE82E257CB0A600C79C0E /* Build configuration list for PBXProject "YourDigitalLift" */;
			compatibilityVersion = "Xcode 8.0";
			developmentRegion = en;
			hasScannedForEncodings = 0;
			knownRegions = (
				en,
				Base,
			);
			mainGroup = 0A9AE82A257CB0A600C79C0E;
			productRefGroup = 0A9AE834257CB0A600C79C0E /* Products */;
			projectDirPath = "";
			projectRoot = "";
			targets = (
				0A9AE832257CB0A600C79C0E /* YourDigitalLift */,
				0AE94846257E44110065CCD9 /* YourDigitalLiftDemo */,
			);
		};
/* End PBXProject section */

/* Begin PBXResourcesBuildPhase section */
		0A9AE831257CB0A600C79C0E /* Resources */ = {
			isa = PBXResourcesBuildPhase;
			buildActionMask = 2147483647;
			files = (
				0A9AE841257CB0A600C79C0E /* LaunchScreen.storyboard in Resources */,
				0ABE6B4B257E2D17007B6D53 /* UserNamesCell.xib in Resources */,
				0A9AE83E257CB0A600C79C0E /* Assets.xcassets in Resources */,
				0A9AE83C257CB0A600C79C0E /* Main.storyboard in Resources */,
			);
			runOnlyForDeploymentPostprocessing = 0;
		};
		0AE9484F257E44110065CCD9 /* Resources */ = {
			isa = PBXResourcesBuildPhase;
			buildActionMask = 2147483647;
			files = (
				0AE94850257E44110065CCD9 /* LaunchScreen.storyboard in Resources */,
				0AE94851257E44110065CCD9 /* UserNamesCell.xib in Resources */,
				0AE94852257E44110065CCD9 /* Assets.xcassets in Resources */,
				0AE94853257E44110065CCD9 /* Main.storyboard in Resources */,
			);
			runOnlyForDeploymentPostprocessing = 0;
		};
/* End PBXResourcesBuildPhase section */

/* Begin PBXSourcesBuildPhase section */
		0A9AE82F257CB0A600C79C0E /* Sources */ = {
			isa = PBXSourcesBuildPhase;
			buildActionMask = 2147483647;
			files = (
				0A1DDA7B257D248D00CBF6AC /* UserDetailsController.swift in Sources */,
				0A1D5A8C257CE77500431906 /* User.swift in Sources */,
				0ABE6B4A257E2D17007B6D53 /* UserNamesCell.swift in Sources */,
				0AADDBFC257CE01800387F30 /* HttpsRequest.swift in Sources */,
				0A9AE839257CB0A600C79C0E /* UserListController.swift in Sources */,
				0A9AE837257CB0A600C79C0E /* AppDelegate.swift in Sources */,
			);
			runOnlyForDeploymentPostprocessing = 0;
		};
		0AE94847257E44110065CCD9 /* Sources */ = {
			isa = PBXSourcesBuildPhase;
			buildActionMask = 2147483647;
			files = (
				0AE94848257E44110065CCD9 /* UserDetailsController.swift in Sources */,
				0AE94849257E44110065CCD9 /* User.swift in Sources */,
				0AE9484A257E44110065CCD9 /* UserNamesCell.swift in Sources */,
				0AE9484B257E44110065CCD9 /* HttpsRequest.swift in Sources */,
				0AE9484C257E44110065CCD9 /* UserListController.swift in Sources */,
				0AE9484D257E44110065CCD9 /* AppDelegate.swift in Sources */,
			);
			runOnlyForDeploymentPostprocessing = 0;
		};
/* End PBXSourcesBuildPhase section */

/* Begin PBXVariantGroup section */
		0A9AE83A257CB0A600C79C0E /* Main.storyboard */ = {
			isa = PBXVariantGroup;
			children = (
				0A9AE83B257CB0A600C79C0E /* Base */,
			);
			name = Main.storyboard;
			sourceTree = "<group>";
		};
		0A9AE83F257CB0A600C79C0E /* LaunchScreen.storyboard */ = {
			isa = PBXVariantGroup;
			children = (
				0A9AE840257CB0A600C79C0E /* Base */,
			);
			name = LaunchScreen.storyboard;
			sourceTree = "<group>";
		};
/* End PBXVariantGroup section */

/* Begin XCBuildConfiguration section */
		0A9AE843257CB0A600C79C0E /* Debug */ = {
			isa = XCBuildConfiguration;
			buildSettings = {
				ALWAYS_SEARCH_USER_PATHS = NO;
				CLANG_ANALYZER_NONNULL = YES;
				CLANG_ANALYZER_NUMBER_OBJECT_CONVERSION = YES_AGGRESSIVE;
				CLANG_CXX_LANGUAGE_STANDARD = "gnu++14";
				CLANG_CXX_LIBRARY = "libc++";
				CLANG_ENABLE_MODULES = YES;
				CLANG_ENABLE_OBJC_ARC = YES;
				CLANG_WARN_BLOCK_CAPTURE_AUTORELEASING = YES;
				CLANG_WARN_BOOL_CONVERSION = YES;
				CLANG_WARN_COMMA = YES;
				CLANG_WARN_CONSTANT_CONVERSION = YES;
				CLANG_WARN_DIRECT_OBJC_ISA_USAGE = YES_ERROR;
				CLANG_WARN_DOCUMENTATION_COMMENTS = YES;
				CLANG_WARN_EMPTY_BODY = YES;
				CLANG_WARN_ENUM_CONVERSION = YES;
				CLANG_WARN_INFINITE_RECURSION = YES;
				CLANG_WARN_INT_CONVERSION = YES;
				CLANG_WARN_NON_LITERAL_NULL_CONVERSION = YES;
				CLANG_WARN_OBJC_LITERAL_CONVERSION = YES;
				CLANG_WARN_OBJC_ROOT_CLASS = YES_ERROR;
				CLANG_WARN_RANGE_LOOP_ANALYSIS = YES;
				CLANG_WARN_STRICT_PROTOTYPES = YES;
				CLANG_WARN_SUSPICIOUS_MOVE = YES;
				CLANG_WARN_UNGUARDED_AVAILABILITY = YES_AGGRESSIVE;
				CLANG_WARN_UNREACHABLE_CODE = YES;
				CLANG_WARN__DUPLICATE_METHOD_MATCH = YES;
				CODE_SIGN_IDENTITY = "iPhone Developer";
				COPY_PHASE_STRIP = NO;
				DEBUG_INFORMATION_FORMAT = dwarf;
				ENABLE_STRICT_OBJC_MSGSEND = YES;
				ENABLE_TESTABILITY = YES;
				GCC_C_LANGUAGE_STANDARD = gnu11;
				GCC_DYNAMIC_NO_PIC = NO;
				GCC_NO_COMMON_BLOCKS = YES;
				GCC_OPTIMIZATION_LEVEL = 0;
				GCC_PREPROCESSOR_DEFINITIONS = (
					"DEBUG=1",
					"$(inherited)",
				);
				GCC_WARN_64_TO_32_BIT_CONVERSION = YES;
				GCC_WARN_ABOUT_RETURN_TYPE = YES_ERROR;
				GCC_WARN_UNDECLARED_SELECTOR = YES;
				GCC_WARN_UNINITIALIZED_AUTOS = YES_AGGRESSIVE;
				GCC_WARN_UNUSED_FUNCTION = YES;
				GCC_WARN_UNUSED_VARIABLE = YES;
				IPHONEOS_DEPLOYMENT_TARGET = 11.2;
				MTL_ENABLE_DEBUG_INFO = YES;
				ONLY_ACTIVE_ARCH = YES;
				OTHER_SWIFT_FLAGS = "-D DEV";
				SDKROOT = iphoneos;
				SWIFT_ACTIVE_COMPILATION_CONDITIONS = DEBUG;
				SWIFT_OPTIMIZATION_LEVEL = "-Onone";
			};
			name = Debug;
		};
		0A9AE844257CB0A600C79C0E /* Release */ = {
			isa = XCBuildConfiguration;
			buildSettings = {
				ALWAYS_SEARCH_USER_PATHS = NO;
				CLANG_ANALYZER_NONNULL = YES;
				CLANG_ANALYZER_NUMBER_OBJECT_CONVERSION = YES_AGGRESSIVE;
				CLANG_CXX_LANGUAGE_STANDARD = "gnu++14";
				CLANG_CXX_LIBRARY = "libc++";
				CLANG_ENABLE_MODULES = YES;
				CLANG_ENABLE_OBJC_ARC = YES;
				CLANG_WARN_BLOCK_CAPTURE_AUTORELEASING = YES;
				CLANG_WARN_BOOL_CONVERSION = YES;
				CLANG_WARN_COMMA = YES;
				CLANG_WARN_CONSTANT_CONVERSION = YES;
				CLANG_WARN_DIRECT_OBJC_ISA_USAGE = YES_ERROR;
				CLANG_WARN_DOCUMENTATION_COMMENTS = YES;
				CLANG_WARN_EMPTY_BODY = YES;
				CLANG_WARN_ENUM_CONVERSION = YES;
				CLANG_WARN_INFINITE_RECURSION = YES;
				CLANG_WARN_INT_CONVERSION = YES;
				CLANG_WARN_NON_LITERAL_NULL_CONVERSION = YES;
				CLANG_WARN_OBJC_LITERAL_CONVERSION = YES;
				CLANG_WARN_OBJC_ROOT_CLASS = YES_ERROR;
				CLANG_WARN_RANGE_LOOP_ANALYSIS = YES;
				CLANG_WARN_STRICT_PROTOTYPES = YES;
				CLANG_WARN_SUSPICIOUS_MOVE = YES;
				CLANG_WARN_UNGUARDED_AVAILABILITY = YES_AGGRESSIVE;
				CLANG_WARN_UNREACHABLE_CODE = YES;
				CLANG_WARN__DUPLICATE_METHOD_MATCH = YES;
				CODE_SIGN_IDENTITY = "iPhone Developer";
				COPY_PHASE_STRIP = NO;
				DEBUG_INFORMATION_FORMAT = "dwarf-with-dsym";
				ENABLE_NS_ASSERTIONS = NO;
				ENABLE_STRICT_OBJC_MSGSEND = YES;
				GCC_C_LANGUAGE_STANDARD = gnu11;
				GCC_NO_COMMON_BLOCKS = YES;
				GCC_WARN_64_TO_32_BIT_CONVERSION = YES;
				GCC_WARN_ABOUT_RETURN_TYPE = YES_ERROR;
				GCC_WARN_UNDECLARED_SELECTOR = YES;
				GCC_WARN_UNINITIALIZED_AUTOS = YES_AGGRESSIVE;
				GCC_WARN_UNUSED_FUNCTION = YES;
				GCC_WARN_UNUSED_VARIABLE = YES;
				IPHONEOS_DEPLOYMENT_TARGET = 11.2;
				MTL_ENABLE_DEBUG_INFO = NO;
				OTHER_SWIFT_FLAGS = "-D DEV";
				SDKROOT = iphoneos;
				SWIFT_OPTIMIZATION_LEVEL = "-Owholemodule";
				VALIDATE_PRODUCT = YES;
			};
			name = Release;
		};
		0A9AE846257CB0A600C79C0E /* Debug */ = {
			isa = XCBuildConfiguration;
			buildSettings = {
				ASSETCATALOG_COMPILER_APPICON_NAME = AppIcon;
				CODE_SIGN_STYLE = Automatic;
				INFOPLIST_FILE = YourDigitalLift/Info.plist;
				LD_RUNPATH_SEARCH_PATHS = "$(inherited) @executable_path/Frameworks";
				OTHER_SWIFT_FLAGS = "-D Dev";
				PRODUCT_BUNDLE_IDENTIFIER = com.DiceApp.YourDigitalLiftDev;
				PRODUCT_NAME = "$(TARGET_NAME)";
				SWIFT_VERSION = 4.0;
				TARGETED_DEVICE_FAMILY = "1,2";
			};
			name = Debug;
		};
		0A9AE847257CB0A600C79C0E /* Release */ = {
			isa = XCBuildConfiguration;
			buildSettings = {
				ASSETCATALOG_COMPILER_APPICON_NAME = AppIcon;
				CODE_SIGN_STYLE = Automatic;
				INFOPLIST_FILE = YourDigitalLift/Info.plist;
				LD_RUNPATH_SEARCH_PATHS = "$(inherited) @executable_path/Frameworks";
				OTHER_SWIFT_FLAGS = "-D Dev";
				PRODUCT_BUNDLE_IDENTIFIER = com.DiceApp.YourDigitalLiftDev;
				PRODUCT_NAME = "$(TARGET_NAME)";
				SWIFT_VERSION = 4.0;
				TARGETED_DEVICE_FAMILY = "1,2";
			};
			name = Release;
		};
		0AE94855257E44110065CCD9 /* Debug */ = {
			isa = XCBuildConfiguration;
			buildSettings = {
				ASSETCATALOG_COMPILER_APPICON_NAME = AppIcon;
				CODE_SIGN_STYLE = Automatic;
				INFOPLIST_FILE = "YourDigitalLift copy2-Info.plist";
				LD_RUNPATH_SEARCH_PATHS = "$(inherited) @executable_path/Frameworks";
				OTHER_SWIFT_FLAGS = "-D Demo";
				PRODUCT_BUNDLE_IDENTIFIER = com.DiceApp.YourDigitalLiftDemo;
				PRODUCT_NAME = "$(TARGET_NAME)";
				SWIFT_VERSION = 4.0;
				TARGETED_DEVICE_FAMILY = "1,2";
			};
			name = Debug;
		};
		0AE94856257E44110065CCD9 /* Release */ = {
			isa = XCBuildConfiguration;
			buildSettings = {
				ASSETCATALOG_COMPILER_APPICON_NAME = AppIcon;
				CODE_SIGN_STYLE = Automatic;
				INFOPLIST_FILE = "YourDigitalLift copy2-Info.plist";
				LD_RUNPATH_SEARCH_PATHS = "$(inherited) @executable_path/Frameworks";
				OTHER_SWIFT_FLAGS = "-D Demo";
				PRODUCT_BUNDLE_IDENTIFIER = com.DiceApp.YourDigitalLiftDemo;
				PRODUCT_NAME = "$(TARGET_NAME)";
				SWIFT_VERSION = 4.0;
				TARGETED_DEVICE_FAMILY = "1,2";
			};
			name = Release;
		};
/* End XCBuildConfiguration section */

/* Begin XCConfigurationList section */
		0A9AE82E257CB0A600C79C0E /* Build configuration list for PBXProject "YourDigitalLift" */ = {
			isa = XCConfigurationList;
			buildConfigurations = (
				0A9AE843257CB0A600C79C0E /* Debug */,
				0A9AE844257CB0A600C79C0E /* Release */,
			);
			defaultConfigurationIsVisible = 0;
			defaultConfigurationName = Release;
		};
		0A9AE845257CB0A600C79C0E /* Build configuration list for PBXNativeTarget "YourDigitalLift" */ = {
			isa = XCConfigurationList;
			buildConfigurations = (
				0A9AE846257CB0A600C79C0E /* Debug */,
				0A9AE847257CB0A600C79C0E /* Release */,
			);
			defaultConfigurationIsVisible = 0;
			defaultConfigurationName = Release;
		};
		0AE94854257E44110065CCD9 /* Build configuration list for PBXNativeTarget "YourDigitalLiftDemo" */ = {
			isa = XCConfigurationList;
			buildConfigurations = (
				0AE94855257E44110065CCD9 /* Debug */,
				0AE94856257E44110065CCD9 /* Release */,
			);
			defaultConfigurationIsVisible = 0;
			defaultConfigurationName = Release;
		};
/* End XCConfigurationList section */
	};
	rootObject = 0A9AE82B257CB0A600C79C0E /* Project object */;
}
